
Microsoft Visual Studio Solution File, Format Version 12.00
# Visual Studio Version 16
VisualStudioVersion = 16.0.30104.148
MinimumVisualStudioVersion = 10.0.40219.1
Project("{9A19103F-16F7-4668-BE54-9A1E7A4F7556}") = "COH2ReplayDiscordBotMapImageExtractor", "COH2ReplayDiscordBotMapImageExtractor.csproj", "{EF88018A-19B8-4A43-A895-A3C617AE063A}"
EndProject
Global
	GlobalSection(SolutionConfigurationPlatforms) = preSolution
		Debug|Any CPU = Debug|Any CPU
		Release|Any CPU = Release|Any CPU
	EndGlobalSection
	GlobalSection(ProjectConfigurationPlatforms) = postSolution
		{EF88018A-19B8-4A43-A895-A3C617AE063A}.Debug|Any CPU.ActiveCfg = Debug|Any CPU
		{EF88018A-19B8-4A43-A895-A3C617AE063A}.Debug|Any CPU.Build.0 = Debug|Any CPU
		{EF88018A-19B8-4A43-A895-A3C617AE063A}.Release|Any CPU.ActiveCfg = Release|Any CPU
		{EF88018A-19B8-4A43-A895-A3C617AE063A}.Release|Any CPU.Build.0 = Release|Any CPU
	EndGlobalSection
	GlobalSection(SolutionProperties) = preSolution
		HideSolutionNode = FALSE
	EndGlobalSection
	GlobalSection(ExtensibilityGlobals) = postSolution
		SolutionGuid = {94E210CC-AD15-49C8-8BD3-1A707AD70B4A}
	EndGlobalSection
EndGlobal
