
Microsoft Visual Studio Solution File, Format Version 12.00
# Visual Studio Version 16
VisualStudioVersion = 16.0.30104.148
MinimumVisualStudioVersion = 10.0.40219.1
Project("{9A19103F-16F7-4668-BE54-9A1E7A4F7556}") = "COH2ReplayDiscordBotDataGenerator", "COH2ReplayDiscordBotDataGenerator.csproj", "{9D311ED4-0640-4ABA-87D1-A4FEB4AF85B2}"
EndProject
Global
	GlobalSection(SolutionConfigurationPlatforms) = preSolution
		Debug|Any CPU = Debug|Any CPU
		Release|Any CPU = Release|Any CPU
	EndGlobalSection
	GlobalSection(ProjectConfigurationPlatforms) = postSolution
		{9D311ED4-0640-4ABA-87D1-A4FEB4AF85B2}.Debug|Any CPU.ActiveCfg = Debug|Any CPU
		{9D311ED4-0640-4ABA-87D1-A4FEB4AF85B2}.Debug|Any CPU.Build.0 = Debug|Any CPU
		{9D311ED4-0640-4ABA-87D1-A4FEB4AF85B2}.Release|Any CPU.ActiveCfg = Release|Any CPU
		{9D311ED4-0640-4ABA-87D1-A4FEB4AF85B2}.Release|Any CPU.Build.0 = Release|Any CPU
	EndGlobalSection
	GlobalSection(SolutionProperties) = preSolution
		HideSolutionNode = FALSE
	EndGlobalSection
	GlobalSection(ExtensibilityGlobals) = postSolution
		SolutionGuid = {94E210CC-AD15-49C8-8BD3-1A707AD70B4A}
	EndGlobalSection
EndGlobal
