
Microsoft Visual Studio Solution File, Format Version 12.00
# Visual Studio Version 17
VisualStudioVersion = 17.6.33829.357
MinimumVisualStudioVersion = 10.0.40219.1
Project("{FAE04EC0-301F-11D3-BF4B-00C04F79EFBC}") = "CoHReplayAnalyzerDiscordBotDataGenerator", "CoHReplayAnalyzerDiscordBotDataGenerator.csproj", "{5CDA2F65-5D72-4E05-81B1-30222E6E7DAA}"
EndProject
Global
	GlobalSection(SolutionConfigurationPlatforms) = preSolution
		Debug|Any CPU = Debug|Any CPU
		Release|Any CPU = Release|Any CPU
	EndGlobalSection
	GlobalSection(ProjectConfigurationPlatforms) = postSolution
		{5CDA2F65-5D72-4E05-81B1-30222E6E7DAA}.Debug|Any CPU.ActiveCfg = Debug|Any CPU
		{5CDA2F65-5D72-4E05-81B1-30222E6E7DAA}.Debug|Any CPU.Build.0 = Debug|Any CPU
		{5CDA2F65-5D72-4E05-81B1-30222E6E7DAA}.Release|Any CPU.ActiveCfg = Release|Any CPU
		{5CDA2F65-5D72-4E05-81B1-30222E6E7DAA}.Release|Any CPU.Build.0 = Release|Any CPU
	EndGlobalSection
	GlobalSection(SolutionProperties) = preSolution
		HideSolutionNode = FALSE
	EndGlobalSection
	GlobalSection(ExtensibilityGlobals) = postSolution
		SolutionGuid = {9BBF66BA-07FE-4B03-AD86-083741009F15}
	EndGlobalSection
EndGlobal
